// !$*UTF8*$!
{
	archiveVersion = 1;
	classes = {
	};
	objectVersion = 50;
	objects = {

/* Begin PBXBuildFile section */
		69525C2925510B7700A43926 /* AppDelegate.swift in Sources */ = {isa = PBXBuildFile; fileRef = 69525C2825510B7700A43926 /* AppDelegate.swift */; };
		69525C2B25510B7700A43926 /* SceneDelegate.swift in Sources */ = {isa = PBXBuildFile; fileRef = 69525C2A25510B7700A43926 /* SceneDelegate.swift */; };
		69525C2D25510B7700A43926 /* PaymentDataVC.swift in Sources */ = {isa = PBXBuildFile; fileRef = 69525C2C25510B7700A43926 /* PaymentDataVC.swift */; };
		69525C3025510B7700A43926 /* Main.storyboard in Resources */ = {isa = PBXBuildFile; fileRef = 69525C2E25510B7700A43926 /* Main.storyboard */; };
		69525C3225510B7B00A43926 /* Assets.xcassets in Resources */ = {isa = PBXBuildFile; fileRef = 69525C3125510B7B00A43926 /* Assets.xcassets */; };
		69525C3525510B7B00A43926 /* LaunchScreen.storyboard in Resources */ = {isa = PBXBuildFile; fileRef = 69525C3325510B7B00A43926 /* LaunchScreen.storyboard */; };
		69525C42255B9A2F00A43926 /* PaymentVC.swift in Sources */ = {isa = PBXBuildFile; fileRef = 69525C41255B9A2F00A43926 /* PaymentVC.swift */; };
		69525C48255B9DF400A43926 /* PayPal.swift in Sources */ = {isa = PBXBuildFile; fileRef = 69525C47255B9DF400A43926 /* PayPal.swift */; };
		69525C4B255B9E0000A43926 /* CreditCard.swift in Sources */ = {isa = PBXBuildFile; fileRef = 69525C4A255B9E0000A43926 /* CreditCard.swift */; };
		69525C4F255BB44500A43926 /* Data.swift in Sources */ = {isa = PBXBuildFile; fileRef = 69525C4E255BB44500A43926 /* Data.swift */; };
/* End PBXBuildFile section */

/* Begin PBXFileReference section */
		69525C2525510B7700A43926 /* Take My Money.app */ = {isa = PBXFileReference; explicitFileType = wrapper.application; includeInIndex = 0; path = "Take My Money.app"; sourceTree = BUILT_PRODUCTS_DIR; };
		69525C2825510B7700A43926 /* AppDelegate.swift */ = {isa = PBXFileReference; lastKnownFileType = sourcecode.swift; path = AppDelegate.swift; sourceTree = "<group>"; };
		69525C2A25510B7700A43926 /* SceneDelegate.swift */ = {isa = PBXFileReference; lastKnownFileType = sourcecode.swift; path = SceneDelegate.swift; sourceTree = "<group>"; };
		69525C2C25510B7700A43926 /* PaymentDataVC.swift */ = {isa = PBXFileReference; lastKnownFileType = sourcecode.swift; path = PaymentDataVC.swift; sourceTree = "<group>"; };
		69525C2F25510B7700A43926 /* Base */ = {isa = PBXFileReference; lastKnownFileType = file.storyboard; name = Base; path = Base.lproj/Main.storyboard; sourceTree = "<group>"; };
		69525C3125510B7B00A43926 /* Assets.xcassets */ = {isa = PBXFileReference; lastKnownFileType = folder.assetcatalog; path = Assets.xcassets; sourceTree = "<group>"; };
		69525C3425510B7B00A43926 /* Base */ = {isa = PBXFileReference; lastKnownFileType = file.storyboard; name = Base; path = Base.lproj/LaunchScreen.storyboard; sourceTree = "<group>"; };
		69525C3625510B7B00A43926 /* Info.plist */ = {isa = PBXFileReference; lastKnownFileType = text.plist.xml; path = Info.plist; sourceTree = "<group>"; };
		69525C41255B9A2F00A43926 /* PaymentVC.swift */ = {isa = PBXFileReference; lastKnownFileType = sourcecode.swift; path = PaymentVC.swift; sourceTree = "<group>"; };
		69525C47255B9DF400A43926 /* PayPal.swift */ = {isa = PBXFileReference; lastKnownFileType = sourcecode.swift; path = PayPal.swift; sourceTree = "<group>"; };
		69525C4A255B9E0000A43926 /* CreditCard.swift */ = {isa = PBXFileReference; lastKnownFileType = sourcecode.swift; path = CreditCard.swift; sourceTree = "<group>"; };
		69525C4E255BB44500A43926 /* Data.swift */ = {isa = PBXFileReference; lastKnownFileType = sourcecode.swift; path = Data.swift; sourceTree = "<group>"; };
/* End PBXFileReference section */

/* Begin PBXFrameworksBuildPhase section */
		69525C2225510B7700A43926 /* Frameworks */ = {
			isa = PBXFrameworksBuildPhase;
			buildActionMask = 2147483647;
			files = (
			);
			runOnlyForDeploymentPostprocessing = 0;
		};
/* End PBXFrameworksBuildPhase section */

/* Begin PBXGroup section */
		69525C1C25510B7700A43926 = {
			isa = PBXGroup;
			children = (
				69525C2725510B7700A43926 /* Take My Money */,
				69525C2625510B7700A43926 /* Products */,
			);
			sourceTree = "<group>";
		};
		69525C2625510B7700A43926 /* Products */ = {
			isa = PBXGroup;
			children = (
				69525C2525510B7700A43926 /* Take My Money.app */,
			);
			name = Products;
			sourceTree = "<group>";
		};
		69525C2725510B7700A43926 /* Take My Money */ = {
			isa = PBXGroup;
			children = (
				69525C46255B9DCE00A43926 /* Models */,
				69525C45255B9DC800A43926 /* Views */,
				69525C44255B9DBE00A43926 /* Controllers */,
				69525C2825510B7700A43926 /* AppDelegate.swift */,
				69525C2A25510B7700A43926 /* SceneDelegate.swift */,
				69525C2E25510B7700A43926 /* Main.storyboard */,
				69525C3125510B7B00A43926 /* Assets.xcassets */,
				69525C3325510B7B00A43926 /* LaunchScreen.storyboard */,
				69525C3625510B7B00A43926 /* Info.plist */,
			);
			path = "Take My Money";
			sourceTree = "<group>";
		};
		69525C44255B9DBE00A43926 /* Controllers */ = {
			isa = PBXGroup;
			children = (
				69525C2C25510B7700A43926 /* PaymentDataVC.swift */,
				69525C41255B9A2F00A43926 /* PaymentVC.swift */,
			);
			path = Controllers;
			sourceTree = "<group>";
		};
		69525C45255B9DC800A43926 /* Views */ = {
			isa = PBXGroup;
			children = (
			);
			path = Views;
			sourceTree = "<group>";
		};
		69525C46255B9DCE00A43926 /* Models */ = {
			isa = PBXGroup;
			children = (
				69525C47255B9DF400A43926 /* PayPal.swift */,
				69525C4A255B9E0000A43926 /* CreditCard.swift */,
				69525C4E255BB44500A43926 /* Data.swift */,
			);
			path = Models;
			sourceTree = "<group>";
		};
/* End PBXGroup section */

/* Begin PBXNativeTarget section */
		69525C2425510B7700A43926 /* Take My Money */ = {
			isa = PBXNativeTarget;
			buildConfigurationList = 69525C3925510B7B00A43926 /* Build configuration list for PBXNativeTarget "Take My Money" */;
			buildPhases = (
				69525C2125510B7700A43926 /* Sources */,
				69525C2225510B7700A43926 /* Frameworks */,
				69525C2325510B7700A43926 /* Resources */,
			);
			buildRules = (
			);
			dependencies = (
			);
			name = "Take My Money";
			productName = "Take My Money";
			productReference = 69525C2525510B7700A43926 /* Take My Money.app */;
			productType = "com.apple.product-type.application";
		};
/* End PBXNativeTarget section */

/* Begin PBXProject section */
		69525C1D25510B7700A43926 /* Project object */ = {
			isa = PBXProject;
			attributes = {
				LastSwiftUpdateCheck = 1210;
				LastUpgradeCheck = 1210;
				TargetAttributes = {
					69525C2425510B7700A43926 = {
						CreatedOnToolsVersion = 12.1;
					};
				};
			};
			buildConfigurationList = 69525C2025510B7700A43926 /* Build configuration list for PBXProject "Take My Money" */;
			compatibilityVersion = "Xcode 9.3";
			developmentRegion = en;
			hasScannedForEncodings = 0;
			knownRegions = (
				en,
				Base,
			);
			mainGroup = 69525C1C25510B7700A43926;
			productRefGroup = 69525C2625510B7700A43926 /* Products */;
			projectDirPath = "";
			projectRoot = "";
			targets = (
				69525C2425510B7700A43926 /* Take My Money */,
			);
		};
/* End PBXProject section */

/* Begin PBXResourcesBuildPhase section */
		69525C2325510B7700A43926 /* Resources */ = {
			isa = PBXResourcesBuildPhase;
			buildActionMask = 2147483647;
			files = (
				69525C3525510B7B00A43926 /* LaunchScreen.storyboard in Resources */,
				69525C3225510B7B00A43926 /* Assets.xcassets in Resources */,
				69525C3025510B7700A43926 /* Main.storyboard in Resources */,
			);
			runOnlyForDeploymentPostprocessing = 0;
		};
/* End PBXResourcesBuildPhase section */

/* Begin PBXSourcesBuildPhase section */
		69525C2125510B7700A43926 /* Sources */ = {
			isa = PBXSourcesBuildPhase;
			buildActionMask = 2147483647;
			files = (
				69525C4F255BB44500A43926 /* Data.swift in Sources */,
				69525C4B255B9E0000A43926 /* CreditCard.swift in Sources */,
				69525C2D25510B7700A43926 /* PaymentDataVC.swift in Sources */,
				69525C42255B9A2F00A43926 /* PaymentVC.swift in Sources */,
				69525C2925510B7700A43926 /* AppDelegate.swift in Sources */,
				69525C48255B9DF400A43926 /* PayPal.swift in Sources */,
				69525C2B25510B7700A43926 /* SceneDelegate.swift in Sources */,
			);
			runOnlyForDeploymentPostprocessing = 0;
		};
/* End PBXSourcesBuildPhase section */

/* Begin PBXVariantGroup section */
		69525C2E25510B7700A43926 /* Main.storyboard */ = {
			isa = PBXVariantGroup;
			children = (
				69525C2F25510B7700A43926 /* Base */,
			);
			name = Main.storyboard;
			sourceTree = "<group>";
		};
		69525C3325510B7B00A43926 /* LaunchScreen.storyboard */ = {
			isa = PBXVariantGroup;
			children = (
				69525C3425510B7B00A43926 /* Base */,
			);
			name = LaunchScreen.storyboard;
			sourceTree = "<group>";
		};
/* End PBXVariantGroup section */

/* Begin XCBuildConfiguration section */
		69525C3725510B7B00A43926 /* Debug */ = {
			isa = XCBuildConfiguration;
			buildSettings = {
				ALWAYS_SEARCH_USER_PATHS = NO;
				CLANG_ANALYZER_NONNULL = YES;
				CLANG_ANALYZER_NUMBER_OBJECT_CONVERSION = YES_AGGRESSIVE;
				CLANG_CXX_LANGUAGE_STANDARD = "gnu++14";
				CLANG_CXX_LIBRARY = "libc++";
				CLANG_ENABLE_MODULES = YES;
				CLANG_ENABLE_OBJC_ARC = YES;
				CLANG_ENABLE_OBJC_WEAK = YES;
				CLANG_WARN_BLOCK_CAPTURE_AUTORELEASING = YES;
				CLANG_WARN_BOOL_CONVERSION = YES;
				CLANG_WARN_COMMA = YES;
				CLANG_WARN_CONSTANT_CONVERSION = YES;
				CLANG_WARN_DEPRECATED_OBJC_IMPLEMENTATIONS = YES;
				CLANG_WARN_DIRECT_OBJC_ISA_USAGE = YES_ERROR;
				CLANG_WARN_DOCUMENTATION_COMMENTS = YES;
				CLANG_WARN_EMPTY_BODY = YES;
				CLANG_WARN_ENUM_CONVERSION = YES;
				CLANG_WARN_INFINITE_RECURSION = YES;
				CLANG_WARN_INT_CONVERSION = YES;
				CLANG_WARN_NON_LITERAL_NULL_CONVERSION = YES;
				CLANG_WARN_OBJC_IMPLICIT_RETAIN_SELF = YES;
				CLANG_WARN_OBJC_LITERAL_CONVERSION = YES;
				CLANG_WARN_OBJC_ROOT_CLASS = YES_ERROR;
				CLANG_WARN_QUOTED_INCLUDE_IN_FRAMEWORK_HEADER = YES;
				CLANG_WARN_RANGE_LOOP_ANALYSIS = YES;
				CLANG_WARN_STRICT_PROTOTYPES = YES;
				CLANG_WARN_SUSPICIOUS_MOVE = YES;
				CLANG_WARN_UNGUARDED_AVAILABILITY = YES_AGGRESSIVE;
				CLANG_WARN_UNREACHABLE_CODE = YES;
				CLANG_WARN__DUPLICATE_METHOD_MATCH = YES;
				COPY_PHASE_STRIP = NO;
				DEBUG_INFORMATION_FORMAT = dwarf;
				ENABLE_STRICT_OBJC_MSGSEND = YES;
				ENABLE_TESTABILITY = YES;
				GCC_C_LANGUAGE_STANDARD = gnu11;
				GCC_DYNAMIC_NO_PIC = NO;
				GCC_NO_COMMON_BLOCKS = YES;
				GCC_OPTIMIZATION_LEVEL = 0;
				GCC_PREPROCESSOR_DEFINITIONS = (
					"DEBUG=1",
					"$(inherited)",
				);
				GCC_WARN_64_TO_32_BIT_CONVERSION = YES;
				GCC_WARN_ABOUT_RETURN_TYPE = YES_ERROR;
				GCC_WARN_UNDECLARED_SELECTOR = YES;
				GCC_WARN_UNINITIALIZED_AUTOS = YES_AGGRESSIVE;
				GCC_WARN_UNUSED_FUNCTION = YES;
				GCC_WARN_UNUSED_VARIABLE = YES;
				IPHONEOS_DEPLOYMENT_TARGET = 14.1;
				MTL_ENABLE_DEBUG_INFO = INCLUDE_SOURCE;
				MTL_FAST_MATH = YES;
				ONLY_ACTIVE_ARCH = YES;
				SDKROOT = iphoneos;
				SWIFT_ACTIVE_COMPILATION_CONDITIONS = DEBUG;
				SWIFT_OPTIMIZATION_LEVEL = "-Onone";
			};
			name = Debug;
		};
		69525C3825510B7B00A43926 /* Release */ = {
			isa = XCBuildConfiguration;
			buildSettings = {
				ALWAYS_SEARCH_USER_PATHS = NO;
				CLANG_ANALYZER_NONNULL = YES;
				CLANG_ANALYZER_NUMBER_OBJECT_CONVERSION = YES_AGGRESSIVE;
				CLANG_CXX_LANGUAGE_STANDARD = "gnu++14";
				CLANG_CXX_LIBRARY = "libc++";
				CLANG_ENABLE_MODULES = YES;
				CLANG_ENABLE_OBJC_ARC = YES;
				CLANG_ENABLE_OBJC_WEAK = YES;
				CLANG_WARN_BLOCK_CAPTURE_AUTORELEASING = YES;
				CLANG_WARN_BOOL_CONVERSION = YES;
				CLANG_WARN_COMMA = YES;
				CLANG_WARN_CONSTANT_CONVERSION = YES;
				CLANG_WARN_DEPRECATED_OBJC_IMPLEMENTATIONS = YES;
				CLANG_WARN_DIRECT_OBJC_ISA_USAGE = YES_ERROR;
				CLANG_WARN_DOCUMENTATION_COMMENTS = YES;
				CLANG_WARN_EMPTY_BODY = YES;
				CLANG_WARN_ENUM_CONVERSION = YES;
				CLANG_WARN_INFINITE_RECURSION = YES;
				CLANG_WARN_INT_CONVERSION = YES;
				CLANG_WARN_NON_LITERAL_NULL_CONVERSION = YES;
				CLANG_WARN_OBJC_IMPLICIT_RETAIN_SELF = YES;
				CLANG_WARN_OBJC_LITERAL_CONVERSION = YES;
				CLANG_WARN_OBJC_ROOT_CLASS = YES_ERROR;
				CLANG_WARN_QUOTED_INCLUDE_IN_FRAMEWORK_HEADER = YES;
				CLANG_WARN_RANGE_LOOP_ANALYSIS = YES;
				CLANG_WARN_STRICT_PROTOTYPES = YES;
				CLANG_WARN_SUSPICIOUS_MOVE = YES;
				CLANG_WARN_UNGUARDED_AVAILABILITY = YES_AGGRESSIVE;
				CLANG_WARN_UNREACHABLE_CODE = YES;
				CLANG_WARN__DUPLICATE_METHOD_MATCH = YES;
				COPY_PHASE_STRIP = NO;
				DEBUG_INFORMATION_FORMAT = "dwarf-with-dsym";
				ENABLE_NS_ASSERTIONS = NO;
				ENABLE_STRICT_OBJC_MSGSEND = YES;
				GCC_C_LANGUAGE_STANDARD = gnu11;
				GCC_NO_COMMON_BLOCKS = YES;
				GCC_WARN_64_TO_32_BIT_CONVERSION = YES;
				GCC_WARN_ABOUT_RETURN_TYPE = YES_ERROR;
				GCC_WARN_UNDECLARED_SELECTOR = YES;
				GCC_WARN_UNINITIALIZED_AUTOS = YES_AGGRESSIVE;
				GCC_WARN_UNUSED_FUNCTION = YES;
				GCC_WARN_UNUSED_VARIABLE = YES;
				IPHONEOS_DEPLOYMENT_TARGET = 14.1;
				MTL_ENABLE_DEBUG_INFO = NO;
				MTL_FAST_MATH = YES;
				SDKROOT = iphoneos;
				SWIFT_COMPILATION_MODE = wholemodule;
				SWIFT_OPTIMIZATION_LEVEL = "-O";
				VALIDATE_PRODUCT = YES;
			};
			name = Release;
		};
		69525C3A25510B7B00A43926 /* Debug */ = {
			isa = XCBuildConfiguration;
			buildSettings = {
				ASSETCATALOG_COMPILER_APPICON_NAME = AppIcon;
				ASSETCATALOG_COMPILER_GLOBAL_ACCENT_COLOR_NAME = AccentColor;
				CODE_SIGN_STYLE = Automatic;
				DEVELOPMENT_TEAM = 35D5MY3UD7;
				INFOPLIST_FILE = "Take My Money/Info.plist";
				LD_RUNPATH_SEARCH_PATHS = (
					"$(inherited)",
					"@executable_path/Frameworks",
				);
				PRODUCT_BUNDLE_IDENTIFIER = "net.devnasium.Take-My-Money";
				PRODUCT_NAME = "$(TARGET_NAME)";
				SWIFT_VERSION = 5.0;
				TARGETED_DEVICE_FAMILY = "1,2";
			};
			name = Debug;
		};
		69525C3B25510B7B00A43926 /* Release */ = {
			isa = XCBuildConfiguration;
			buildSettings = {
				ASSETCATALOG_COMPILER_APPICON_NAME = AppIcon;
				ASSETCATALOG_COMPILER_GLOBAL_ACCENT_COLOR_NAME = AccentColor;
				CODE_SIGN_STYLE = Automatic;
				DEVELOPMENT_TEAM = 35D5MY3UD7;
				INFOPLIST_FILE = "Take My Money/Info.plist";
				LD_RUNPATH_SEARCH_PATHS = (
					"$(inherited)",
					"@executable_path/Frameworks",
				);
				PRODUCT_BUNDLE_IDENTIFIER = "net.devnasium.Take-My-Money";
				PRODUCT_NAME = "$(TARGET_NAME)";
				SWIFT_VERSION = 5.0;
				TARGETED_DEVICE_FAMILY = "1,2";
			};
			name = Release;
		};
/* End XCBuildConfiguration section */

/* Begin XCConfigurationList section */
		69525C2025510B7700A43926 /* Build configuration list for PBXProject "Take My Money" */ = {
			isa = XCConfigurationList;
			buildConfigurations = (
				69525C3725510B7B00A43926 /* Debug */,
				69525C3825510B7B00A43926 /* Release */,
			);
			defaultConfigurationIsVisible = 0;
			defaultConfigurationName = Release;
		};
		69525C3925510B7B00A43926 /* Build configuration list for PBXNativeTarget "Take My Money" */ = {
			isa = XCConfigurationList;
			buildConfigurations = (
				69525C3A25510B7B00A43926 /* Debug */,
				69525C3B25510B7B00A43926 /* Release */,
			);
			defaultConfigurationIsVisible = 0;
			defaultConfigurationName = Release;
		};
/* End XCConfigurationList section */
	};
	rootObject = 69525C1D25510B7700A43926 /* Project object */;
}
